
Microsoft Visual Studio Solution File, Format Version 12.00
# Visual Studio Version 17
VisualStudioVersion = 17.13.35931.197 d17.13
MinimumVisualStudioVersion = 10.0.40219.1
Project("{FAE04EC0-301F-11D3-BF4B-00C04F79EFBC}") = "Ejer2", "Ejer2\Ejer2.csproj", "{7EC52E5E-9AEB-48AA-8D21-E98499A570DC}"
EndProject
Global
	GlobalSection(SolutionConfigurationPlatforms) = preSolution
		Debug|Any CPU = Debug|Any CPU
		Release|Any CPU = Release|Any CPU
	EndGlobalSection
	GlobalSection(ProjectConfigurationPlatforms) = postSolution
		{7EC52E5E-9AEB-48AA-8D21-E98499A570DC}.Debug|Any CPU.ActiveCfg = Debug|Any CPU
		{7EC52E5E-9AEB-48AA-8D21-E98499A570DC}.Debug|Any CPU.Build.0 = Debug|Any CPU
		{7EC52E5E-9AEB-48AA-8D21-E98499A570DC}.Release|Any CPU.ActiveCfg = Release|Any CPU
		{7EC52E5E-9AEB-48AA-8D21-E98499A570DC}.Release|Any CPU.Build.0 = Release|Any CPU
	EndGlobalSection
	GlobalSection(SolutionProperties) = preSolution
		HideSolutionNode = FALSE
	EndGlobalSection
	GlobalSection(ExtensibilityGlobals) = postSolution
		SolutionGuid = {AEDCA2A8-96DD-472E-9211-8333A7DFFF52}
	EndGlobalSection
EndGlobal
